
Microsoft Visual Studio Solution File, Format Version 12.00
# Visual Studio Version 16
VisualStudioVersion = 16.0.31313.79
MinimumVisualStudioVersion = 10.0.40219.1
Project("{FAE04EC0-301F-11D3-BF4B-00C04F79EFBC}") = "WindowsFormsTestLanguage", "WindowsFormsTestLanguage\WindowsFormsTestLanguage.csproj", "{5F9D839D-4A28-4C71-85DA-A3D049E87C90}"
EndProject
Global
	GlobalSection(SolutionConfigurationPlatforms) = preSolution
		Debug|Any CPU = Debug|Any CPU
		Release|Any CPU = Release|Any CPU
	EndGlobalSection
	GlobalSection(ProjectConfigurationPlatforms) = postSolution
		{5F9D839D-4A28-4C71-85DA-A3D049E87C90}.Debug|Any CPU.ActiveCfg = Debug|Any CPU
		{5F9D839D-4A28-4C71-85DA-A3D049E87C90}.Debug|Any CPU.Build.0 = Debug|Any CPU
		{5F9D839D-4A28-4C71-85DA-A3D049E87C90}.Release|Any CPU.ActiveCfg = Release|Any CPU
		{5F9D839D-4A28-4C71-85DA-A3D049E87C90}.Release|Any CPU.Build.0 = Release|Any CPU
	EndGlobalSection
	GlobalSection(SolutionProperties) = preSolution
		HideSolutionNode = FALSE
	EndGlobalSection
	GlobalSection(ExtensibilityGlobals) = postSolution
		SolutionGuid = {A9D77B31-2C9D-4781-BAC4-BAC7784AB0ED}
	EndGlobalSection
EndGlobal
